
Microsoft Visual Studio Solution File, Format Version 12.00
# Visual Studio Version 16
VisualStudioVersion = 16.0.29409.12
MinimumVisualStudioVersion = 10.0.40219.1
Project("{FAE04EC0-301F-11D3-BF4B-00C04F79EFBC}") = "Snake", "Snake\Snake.csproj", "{4FF71D0A-6EE5-48D3-8C35-3554C38DFF4E}"
EndProject
Global
	GlobalSection(SolutionConfigurationPlatforms) = preSolution
		Debug|Any CPU = Debug|Any CPU
		Release|Any CPU = Release|Any CPU
	EndGlobalSection
	GlobalSection(ProjectConfigurationPlatforms) = postSolution
		{4FF71D0A-6EE5-48D3-8C35-3554C38DFF4E}.Debug|Any CPU.ActiveCfg = Debug|Any CPU
		{4FF71D0A-6EE5-48D3-8C35-3554C38DFF4E}.Debug|Any CPU.Build.0 = Debug|Any CPU
		{4FF71D0A-6EE5-48D3-8C35-3554C38DFF4E}.Release|Any CPU.ActiveCfg = Release|Any CPU
		{4FF71D0A-6EE5-48D3-8C35-3554C38DFF4E}.Release|Any CPU.Build.0 = Release|Any CPU
	EndGlobalSection
	GlobalSection(SolutionProperties) = preSolution
		HideSolutionNode = FALSE
	EndGlobalSection
	GlobalSection(ExtensibilityGlobals) = postSolution
		SolutionGuid = {AE5DF71B-C2D2-419A-AC85-5D5E479E6F19}
	EndGlobalSection
EndGlobal
